
Microsoft Visual Studio Solution File, Format Version 12.00
# Visual Studio Version 17
VisualStudioVersion = 17.0.32126.317
MinimumVisualStudioVersion = 10.0.40219.1
Project("{9A19103F-16F7-4668-BE54-9A1E7A4F7556}") = "SupremEPRSystemForRealBussiness", "SupremEPRSystemForRealBussiness\SupremEPRSystemForRealBussiness.csproj", "{78777E66-977A-4226-AA1F-8EA8D1A39DBD}"
EndProject
Project("{2150E333-8FDC-42A3-9474-1A3956D46DE8}") = "Solution Items", "Solution Items", "{E6484B23-83CA-4B70-BFF2-6DFBC5B7BB17}"
EndProject
Global
	GlobalSection(SolutionConfigurationPlatforms) = preSolution
		Debug|Any CPU = Debug|Any CPU
		Release|Any CPU = Release|Any CPU
	EndGlobalSection
	GlobalSection(ProjectConfigurationPlatforms) = postSolution
		{78777E66-977A-4226-AA1F-8EA8D1A39DBD}.Debug|Any CPU.ActiveCfg = Debug|Any CPU
		{78777E66-977A-4226-AA1F-8EA8D1A39DBD}.Debug|Any CPU.Build.0 = Debug|Any CPU
		{78777E66-977A-4226-AA1F-8EA8D1A39DBD}.Release|Any CPU.ActiveCfg = Release|Any CPU
		{78777E66-977A-4226-AA1F-8EA8D1A39DBD}.Release|Any CPU.Build.0 = Release|Any CPU
	EndGlobalSection
	GlobalSection(SolutionProperties) = preSolution
		HideSolutionNode = FALSE
	EndGlobalSection
	GlobalSection(ExtensibilityGlobals) = postSolution
		SolutionGuid = {06487C52-45C8-486B-A430-855E8F809CAF}
	EndGlobalSection
EndGlobal
